lockfileVersion: '9.0'

settings:
  autoInstallPeers: true
  excludeLinksFromLockfile: false

importers:

  .:
    devDependencies:
      '@typescript/native-preview':
        specifier: 7.0.0-dev.20260421.2
        version: 7.0.0-dev.20260421.2
      turbo:
        specifier: ^2.0.0
        version: 2.9.7

  apps/server: {}

packages:

  '@turbo/darwin-64@2.9.7':
    resolution: {integrity: sha512-wnvOWuVWJ5EUHNKxExEWiGlTeVpLG1L0PCu5MUozyC1P2SHGiWsmpW6/yAuShH91Fa2TAHOvdCRBzriZh4j4Eg==}
    cpu: [x64]
    os: [darwin]

  '@turbo/darwin-arm64@2.9.7':
    resolution: {integrity: sha512-mA0FIPMwwN3lodDkQYaGxj6PeT7ZaN5aCEbkKn/WB+ZB9yJdVWA4J83GH7t43jqDc5dcnVluVN5UFx3plRiXhA==}
    cpu: [arm64]
    os: [darwin]

  '@turbo/linux-64@2.9.7':
    resolution: {integrity: sha512-fEbUYpgb5l7P+q+5tsWF2gw+/GSjUsuUTcnfm+f0lozUjgcjLKyOat6PgtAChmIFcTPchCL/8rJ3TvkBy01gfA==}
    cpu: [x64]
    os: [linux]

  '@turbo/linux-arm64@2.9.7':
    resolution: {integrity: sha512-VkUjulo9ytfHKUHOS5gy0XPoh4CTKPXWCL8nLdrlHVi9fSut31ECeUqnm/dAbETP5D4xo9mH9XkJ+qMzGe/zmg==}
    cpu: [arm64]
    os: [linux]

  '@turbo/windows-64@2.9.7':
    resolution: {integrity: sha512-/GWdY6/x4aIHqkYJq596Rpdk1x0MkpRPkJcLAoB3yGRwyUms0+u2F1GnV54IbyAZTeKLRWSJKzNC+QwVGdYchA==}
    cpu: [x64]
    os: [win32]

  '@turbo/windows-arm64@2.9.7':
    resolution: {integrity: sha512-xBBgxCC5PK2+WZ1PPRZdp+aJ0bMBcEbweXWux3RUHJvX9ZodcoQySkrW6qt+ahb+uk8ZjyQodLfDwtVSoYds1w==}
    cpu: [arm64]
    os: [win32]

  '@typescript/native-preview-darwin-arm64@7.0.0-dev.20260421.2':
    resolution: {integrity: sha512-fHv1r3ZmVo6zxuAIFmuX3w9QxbcauoG0SsWhmDwm6VmRubLlOJIcmTtlmV3JAb9oOnq8LuzZljzT7Q39fSMQDw==}
    cpu: [arm64]
    os: [darwin]

  '@typescript/native-preview-darwin-x64@7.0.0-dev.20260421.2':
    resolution: {integrity: sha512-KWTR6xbW9t+JS7D5DQIzo75pqVXVWUxF9PMv/+S6xsnOjCVd6g0ixHcFpFMJMKSUQpGPr8Z5f7b8ks6LHW01jg==}
    cpu: [x64]
    os: [darwin]

  '@typescript/native-preview-linux-arm64@7.0.0-dev.20260421.2':
    resolution: {integrity: sha512-VLMEuml3BhUb+jaL0TXQ4xvVODxJF+RhkI+tBWvlynsJI4khTXEiwWh+wPOJrsfBRYFRMXEu28Odl/HXkYze8w==}
    cpu: [arm64]
    os: [linux]

  '@typescript/native-preview-linux-arm@7.0.0-dev.20260421.2':
    resolution: {integrity: sha512-BWLQO3nemLDSV5PoE5GPHe1dU9Dth77Kv8/cle9Ujcp4LhPo0KincdPqFH/qKeU/xvW25mgFueflZ1nc4rKuww==}
    cpu: [arm]
    os: [linux]

  '@typescript/native-preview-linux-x64@7.0.0-dev.20260421.2':
    resolution: {integrity: sha512-qUrJWTB5/wv4wnRG0TRXElAxc2kykNiRNyEIEqBbLmzDlrcvAW7RRy8MXoY1ZyTiKGMu14itZ3x9oW6+blFpRw==}
    cpu: [x64]
    os: [linux]

  '@typescript/native-preview-win32-arm64@7.0.0-dev.20260421.2':
    resolution: {integrity: sha512-Rc6NsWlZmCs5YUKVzKgwoBOoRUGsPzct4BDMRX0csD1devLBBc4AbUXWKsJRbpwIAnqMO1ld4sNHEb+wXgfNHQ==}
    cpu: [arm64]
    os: [win32]

  '@typescript/native-preview-win32-x64@7.0.0-dev.20260421.2':
    resolution: {integrity: sha512-GQv1+dya1t6EqF2Cpsb+xoozovdX10JUSf6Kl/8xNkTapzmlHd+uMr+8ku3jIASTxoRGn0Mklgjj3MDKrOTuLg==}
    cpu: [x64]
    os: [win32]

  '@typescript/native-preview@7.0.0-dev.20260421.2':
    resolution: {integrity: sha512-CmajHI25HpVWE9R1XFoxr+cphJPxoYD3eFioQtAvXYkMFKnLdICMS9pXre9Pybizb75ejRxjKD5/CVG055rEIg==}
    hasBin: true

  turbo@2.9.7:
    resolution: {integrity: sha512-epxzqVO2s0IxcSWcgb+qKrtco8isfe7g3VtiS6hkYnEK4A9XQDZbrtavQ6MtWR1KoQn+1fUomaQth2rfRHlUlg==}
    hasBin: true

snapshots:

  '@turbo/darwin-64@2.9.7':
    optional: true

  '@turbo/darwin-arm64@2.9.7':
    optional: true

  '@turbo/linux-64@2.9.7':
    optional: true

  '@turbo/linux-arm64@2.9.7':
    optional: true

  '@turbo/windows-64@2.9.7':
    optional: true

  '@turbo/windows-arm64@2.9.7':
    optional: true

  '@typescript/native-preview-darwin-arm64@7.0.0-dev.20260421.2':
    optional: true

  '@typescript/native-preview-darwin-x64@7.0.0-dev.20260421.2':
    optional: true

  '@typescript/native-preview-linux-arm64@7.0.0-dev.20260421.2':
    optional: true

  '@typescript/native-preview-linux-arm@7.0.0-dev.20260421.2':
    optional: true

  '@typescript/native-preview-linux-x64@7.0.0-dev.20260421.2':
    optional: true

  '@typescript/native-preview-win32-arm64@7.0.0-dev.20260421.2':
    optional: true

  '@typescript/native-preview-win32-x64@7.0.0-dev.20260421.2':
    optional: true

  '@typescript/native-preview@7.0.0-dev.20260421.2':
    optionalDependencies:
      '@typescript/native-preview-darwin-arm64': 7.0.0-dev.20260421.2
      '@typescript/native-preview-darwin-x64': 7.0.0-dev.20260421.2
      '@typescript/native-preview-linux-arm': 7.0.0-dev.20260421.2
      '@typescript/native-preview-linux-arm64': 7.0.0-dev.20260421.2
      '@typescript/native-preview-linux-x64': 7.0.0-dev.20260421.2
      '@typescript/native-preview-win32-arm64': 7.0.0-dev.20260421.2
      '@typescript/native-preview-win32-x64': 7.0.0-dev.20260421.2

  turbo@2.9.7:
    optionalDependencies:
      '@turbo/darwin-64': 2.9.7
      '@turbo/darwin-arm64': 2.9.7
      '@turbo/linux-64': 2.9.7
      '@turbo/linux-arm64': 2.9.7
      '@turbo/windows-64': 2.9.7
      '@turbo/windows-arm64': 2.9.7
